
Microsoft Visual Studio Solution File, Format Version 12.00
# Visual Studio Version 16
VisualStudioVersion = 16.0.31729.503
MinimumVisualStudioVersion = 10.0.40219.1
Project("{9A19103F-16F7-4668-BE54-9A1E7A4F7556}") = "ContactBackUp", "Domain\ContactBackUp.csproj", "{85E87D56-E4B0-49A0-AC18-741801A9BFAD}"
EndProject
Project("{9A19103F-16F7-4668-BE54-9A1E7A4F7556}") = "EndPoint.Site", "EndPoint.Site\EndPoint.Site.csproj", "{EDAB2A12-878A-4886-92D2-5F1B61754EA7}"
EndProject
Global
	GlobalSection(SolutionConfigurationPlatforms) = preSolution
		Debug|Any CPU = Debug|Any CPU
		Release|Any CPU = Release|Any CPU
	EndGlobalSection
	GlobalSection(ProjectConfigurationPlatforms) = postSolution
		{85E87D56-E4B0-49A0-AC18-741801A9BFAD}.Debug|Any CPU.ActiveCfg = Debug|Any CPU
		{85E87D56-E4B0-49A0-AC18-741801A9BFAD}.Debug|Any CPU.Build.0 = Debug|Any CPU
		{85E87D56-E4B0-49A0-AC18-741801A9BFAD}.Release|Any CPU.ActiveCfg = Release|Any CPU
		{85E87D56-E4B0-49A0-AC18-741801A9BFAD}.Release|Any CPU.Build.0 = Release|Any CPU
		{EDAB2A12-878A-4886-92D2-5F1B61754EA7}.Debug|Any CPU.ActiveCfg = Debug|Any CPU
		{EDAB2A12-878A-4886-92D2-5F1B61754EA7}.Debug|Any CPU.Build.0 = Debug|Any CPU
		{EDAB2A12-878A-4886-92D2-5F1B61754EA7}.Release|Any CPU.ActiveCfg = Release|Any CPU
		{EDAB2A12-878A-4886-92D2-5F1B61754EA7}.Release|Any CPU.Build.0 = Release|Any CPU
	EndGlobalSection
	GlobalSection(SolutionProperties) = preSolution
		HideSolutionNode = FALSE
	EndGlobalSection
	GlobalSection(ExtensibilityGlobals) = postSolution
		SolutionGuid = {448AFB91-3397-44C0-983D-BF876CBDB039}
	EndGlobalSection
EndGlobal
